
Microsoft Visual Studio Solution File, Format Version 12.00
# Visual Studio Version 16
VisualStudioVersion = 16.0.31911.196
MinimumVisualStudioVersion = 10.0.40219.1
Project("{9A19103F-16F7-4668-BE54-9A1E7A4F7556}") = "USBAdminWebMVC", "USBAdminWebMVC\USBAdminWebMVC.csproj", "{050608F9-9989-4F37-A6AF-1042B29B3568}"
EndProject
Project("{9A19103F-16F7-4668-BE54-9A1E7A4F7556}") = "USBModel", "USBModel\USBModel.csproj", "{D659EA0E-992A-4844-B81D-70AD084B6C60}"
EndProject
Project("{9A19103F-16F7-4668-BE54-9A1E7A4F7556}") = "LoginUserManager", "LoginUserManager\LoginUserManager.csproj", "{94445F7C-66AB-4FA3-A28A-FA7FEA3D5888}"
EndProject
Project("{9A19103F-16F7-4668-BE54-9A1E7A4F7556}") = "USBAdminDatabase", "USBAdminDatabase\USBAdminDatabase.csproj", "{FC8CF3A8-8100-4975-9119-6BABF0DF0E6B}"
EndProject
Project("{FAE04EC0-301F-11D3-BF4B-00C04F79EFBC}") = "ToolsCommon", "ToolsCommon\ToolsCommon.csproj", "{90FD865D-6202-4A76-B765-4D5414B4204D}"
EndProject
Global
	GlobalSection(SolutionConfigurationPlatforms) = preSolution
		Debug|Any CPU = Debug|Any CPU
		Release|Any CPU = Release|Any CPU
	EndGlobalSection
	GlobalSection(ProjectConfigurationPlatforms) = postSolution
		{050608F9-9989-4F37-A6AF-1042B29B3568}.Debug|Any CPU.ActiveCfg = Debug|Any CPU
		{050608F9-9989-4F37-A6AF-1042B29B3568}.Debug|Any CPU.Build.0 = Debug|Any CPU
		{050608F9-9989-4F37-A6AF-1042B29B3568}.Release|Any CPU.ActiveCfg = Release|Any CPU
		{050608F9-9989-4F37-A6AF-1042B29B3568}.Release|Any CPU.Build.0 = Release|Any CPU
		{D659EA0E-992A-4844-B81D-70AD084B6C60}.Debug|Any CPU.ActiveCfg = Debug|Any CPU
		{D659EA0E-992A-4844-B81D-70AD084B6C60}.Debug|Any CPU.Build.0 = Debug|Any CPU
		{D659EA0E-992A-4844-B81D-70AD084B6C60}.Release|Any CPU.ActiveCfg = Release|Any CPU
		{D659EA0E-992A-4844-B81D-70AD084B6C60}.Release|Any CPU.Build.0 = Release|Any CPU
		{94445F7C-66AB-4FA3-A28A-FA7FEA3D5888}.Debug|Any CPU.ActiveCfg = Debug|Any CPU
		{94445F7C-66AB-4FA3-A28A-FA7FEA3D5888}.Debug|Any CPU.Build.0 = Debug|Any CPU
		{94445F7C-66AB-4FA3-A28A-FA7FEA3D5888}.Release|Any CPU.ActiveCfg = Release|Any CPU
		{94445F7C-66AB-4FA3-A28A-FA7FEA3D5888}.Release|Any CPU.Build.0 = Release|Any CPU
		{FC8CF3A8-8100-4975-9119-6BABF0DF0E6B}.Debug|Any CPU.ActiveCfg = Debug|Any CPU
		{FC8CF3A8-8100-4975-9119-6BABF0DF0E6B}.Debug|Any CPU.Build.0 = Debug|Any CPU
		{FC8CF3A8-8100-4975-9119-6BABF0DF0E6B}.Release|Any CPU.ActiveCfg = Release|Any CPU
		{FC8CF3A8-8100-4975-9119-6BABF0DF0E6B}.Release|Any CPU.Build.0 = Release|Any CPU
		{90FD865D-6202-4A76-B765-4D5414B4204D}.Debug|Any CPU.ActiveCfg = Debug|Any CPU
		{90FD865D-6202-4A76-B765-4D5414B4204D}.Debug|Any CPU.Build.0 = Debug|Any CPU
		{90FD865D-6202-4A76-B765-4D5414B4204D}.Release|Any CPU.ActiveCfg = Release|Any CPU
		{90FD865D-6202-4A76-B765-4D5414B4204D}.Release|Any CPU.Build.0 = Release|Any CPU
	EndGlobalSection
	GlobalSection(SolutionProperties) = preSolution
		HideSolutionNode = FALSE
	EndGlobalSection
	GlobalSection(ExtensibilityGlobals) = postSolution
		SolutionGuid = {9D982A8A-399F-4706-8420-B39464BE0A7C}
	EndGlobalSection
EndGlobal
